github.com/BryanSLam/discord-bot v0.0.0-20180816053906-fe84ce50fedb h1:GDlsJvIVgG/Cb6M/UNExOBwR/4WRWM5lJxn0bkz2qE4=
github.com/BryanSLam/discord-bot v0.0.0-20180816053906-fe84ce50fedb/go.mod h1:g2fqQSEwfDNuj/15e/FRCvY0MdIgU8fdU2LHrtklAkQ=
github.com/BryanSLam/discord-bot v0.0.0-20180902070848-9c4db4012f20 h1:PQb4eO/la1vonjVeBnhAJnXoTXItaoubMnR3SrXDVm4=
github.com/bwmarrin/discordgo v0.18.0 h1:XopVQXCIFy7Cr2eT7NcYcm4k0l2PYX+AP5RUbIWX2/8=
github.com/bwmarrin/discordgo v0.18.0/go.mod h1:5NIvFv5Z7HddYuXbuQegZ684DleQaCFqChP2iuBivJ8=
github.com/golang/freetype v0.0.0-20170609003504-e2365dfdc4a0 h1:DACJavvAHhabrF08vX0COfcOBJRhZ8lUbR+ZWIs0Y5g=
github.com/golang/freetype v0.0.0-20170609003504-e2365dfdc4a0/go.mod h1:E/TSTwGwJL78qG/PmXZO1EjYhfJinVAhrmmHX6Z8B9k=
github.com/gorilla/websocket v1.2.0 h1:VJtLvh6VQym50czpZzx07z/kw9EgAxI3x1ZB8taTMQQ=
github.com/gorilla/websocket v1.2.0/go.mod h1:E7qHFY5m1UJ88s3WnNqhKjPHQ0heANvMoAMk2YaljkQ=
github.com/gorilla/websocket v1.3.0 h1:r/LXc0VJIMd0rCMsc6DxgczaQtoCwCLatnfXmSYcXx8=
github.com/gorilla/websocket v1.3.0/go.mod h1:E7qHFY5m1UJ88s3WnNqhKjPHQ0heANvMoAMk2YaljkQ=
github.com/jonwho/go-iex v0.0.0-20180901051812-21797dee8a9c h1:Z7NpfwMfesqkUISPoYv6Q/RgI2tNlF0YiGP4UtNfJaQ=
github.com/jonwho/go-iex v0.0.0-20180901051812-21797dee8a9c/go.mod h1:JpsIAZLsycYIwHYAyix1hzli9oFwIXlkUhMrQrgl/0E=
github.com/tkanos/gonfig v0.0.0-20180326121832-e83209aed2d1 h1:DsqH6eJNjnQookBZ8XjJozxleBGlImYgGGwah4Y3plk=
github.com/tkanos/gonfig v0.0.0-20180326121832-e83209aed2d1/go.mod h1:DaZPBuToMc2eezA9R9nDAnmS2RMwL7yEa5YD36ESQdI=
github.com/tkanos/gonfig v0.0.0-20180712192135-f9275a01b19e h1:sCnCEiYuoLc1MXN+ztm0DxuT9h4UF17iYkwDoAEPXgs=
github.com/tkanos/gonfig v0.0.0-20180712192135-f9275a01b19e/go.mod h1:DaZPBuToMc2eezA9R9nDAnmS2RMwL7yEa5YD36ESQdI=
github.com/wcharczuk/go-chart v2.0.1+incompatible h1:0pz39ZAycJFF7ju/1mepnk26RLVLBCWz1STcD3doU0A=
github.com/wcharczuk/go-chart v2.0.1+incompatible/go.mod h1:PF5tmL4EIx/7Wf+hEkpCqYi5He4u90sw+0+6FhrryuE=
golang.org/x/crypto v0.0.0-20180606015541-b47b15873692 h1:O9W34I8ef1ifsNUjJoqTsouE17HSL5RVJNn9pLMf7Og=
golang.org/x/crypto v0.0.0-20180606015541-b47b15873692/go.mod h1:6SG95UA2DQfeDnfUPMdvaQW0Q7yPrPDi9nlGo2tz2b4=
golang.org/x/crypto v0.0.0-20180830192347-182538f80094 h1:rVTAlhYa4+lCfNxmAIEOGQRoD23UqP72M3+rSWVGDTg=
golang.org/x/crypto v0.0.0-20180830192347-182538f80094/go.mod h1:6SG95UA2DQfeDnfUPMdvaQW0Q7yPrPDi9nlGo2tz2b4=
golang.org/x/image v0.0.0-20180708004352-c73c2afc3b81 h1:00VmoueYNlNz/aHIilyyQz/MHSqGoWJzpFv/HW8xpzI=
golang.org/x/image v0.0.0-20180708004352-c73c2afc3b81/go.mod h1:ux5Hcp/YLpHSI86hEcLt0YII63i6oz57MZXIpbrjZUs=
golang.org/x/text v0.3.0 h1:g61tztE5qeGQ89tm6NTjjM9VPIm088od1l6aSorWRWg=
golang.org/x/text v0.3.0/go.mod h1:NqM8EUOU14njkJ3fqMW+pc6Ldnwhi/IjpwHt7yyuwOQ=
